
Microsoft Visual Studio Solution File, Format Version 12.00
# Visual Studio Version 17
VisualStudioVersion = 17.4.33103.184
MinimumVisualStudioVersion = 10.0.40219.1
Project("{9A19103F-16F7-4668-BE54-9A1E7A4F7556}") = "Fresh.Desktop", "Fresh.Desktop\Fresh.Desktop.csproj", "{DA1F13E2-E8EC-4123-8A0C-AE748BE5F720}"
EndProject
Project("{9A19103F-16F7-4668-BE54-9A1E7A4F7556}") = "Fresh.Service", "Fresh.Service\Fresh.Service.csproj", "{8CA69EB1-37B4-440B-A43D-517FC0EDCB6C}"
EndProject
Project("{9A19103F-16F7-4668-BE54-9A1E7A4F7556}") = "Fresh.DataAccess", "Fresh.DataAccess\Fresh.DataAccess.csproj", "{018E2910-485A-4DF6-8FC6-A0464FC2692C}"
EndProject
Project("{9A19103F-16F7-4668-BE54-9A1E7A4F7556}") = "Fresh.Domain", "Fresh.Domain\Fresh.Domain.csproj", "{B34E636E-CE27-48BF-8DBF-74BC63049A12}"
EndProject
Global
	GlobalSection(SolutionConfigurationPlatforms) = preSolution
		Debug|Any CPU = Debug|Any CPU
		Release|Any CPU = Release|Any CPU
	EndGlobalSection
	GlobalSection(ProjectConfigurationPlatforms) = postSolution
		{DA1F13E2-E8EC-4123-8A0C-AE748BE5F720}.Debug|Any CPU.ActiveCfg = Debug|Any CPU
		{DA1F13E2-E8EC-4123-8A0C-AE748BE5F720}.Debug|Any CPU.Build.0 = Debug|Any CPU
		{DA1F13E2-E8EC-4123-8A0C-AE748BE5F720}.Release|Any CPU.ActiveCfg = Release|Any CPU
		{DA1F13E2-E8EC-4123-8A0C-AE748BE5F720}.Release|Any CPU.Build.0 = Release|Any CPU
		{8CA69EB1-37B4-440B-A43D-517FC0EDCB6C}.Debug|Any CPU.ActiveCfg = Debug|Any CPU
		{8CA69EB1-37B4-440B-A43D-517FC0EDCB6C}.Debug|Any CPU.Build.0 = Debug|Any CPU
		{8CA69EB1-37B4-440B-A43D-517FC0EDCB6C}.Release|Any CPU.ActiveCfg = Release|Any CPU
		{8CA69EB1-37B4-440B-A43D-517FC0EDCB6C}.Release|Any CPU.Build.0 = Release|Any CPU
		{018E2910-485A-4DF6-8FC6-A0464FC2692C}.Debug|Any CPU.ActiveCfg = Debug|Any CPU
		{018E2910-485A-4DF6-8FC6-A0464FC2692C}.Debug|Any CPU.Build.0 = Debug|Any CPU
		{018E2910-485A-4DF6-8FC6-A0464FC2692C}.Release|Any CPU.ActiveCfg = Release|Any CPU
		{018E2910-485A-4DF6-8FC6-A0464FC2692C}.Release|Any CPU.Build.0 = Release|Any CPU
		{B34E636E-CE27-48BF-8DBF-74BC63049A12}.Debug|Any CPU.ActiveCfg = Debug|Any CPU
		{B34E636E-CE27-48BF-8DBF-74BC63049A12}.Debug|Any CPU.Build.0 = Debug|Any CPU
		{B34E636E-CE27-48BF-8DBF-74BC63049A12}.Release|Any CPU.ActiveCfg = Release|Any CPU
		{B34E636E-CE27-48BF-8DBF-74BC63049A12}.Release|Any CPU.Build.0 = Release|Any CPU
	EndGlobalSection
	GlobalSection(SolutionProperties) = preSolution
		HideSolutionNode = FALSE
	EndGlobalSection
	GlobalSection(ExtensibilityGlobals) = postSolution
		SolutionGuid = {A6D5AD05-CFAF-46ED-A3B5-155EF5DD8C4A}
	EndGlobalSection
EndGlobal
